
Microsoft Visual Studio Solution File, Format Version 12.00
# Visual Studio Version 17
VisualStudioVersion = 17.9.34607.119
MinimumVisualStudioVersion = 10.0.40219.1
Project("{9A19103F-16F7-4668-BE54-9A1E7A4F7556}") = "BT.CardGame.UI", "BT.CardGame.UI\BT.CardGame.UI.csproj", "{8161A964-BB45-4E51-A17D-719BD5EC668B}"
EndProject
Project("{9A19103F-16F7-4668-BE54-9A1E7A4F7556}") = "BT.CardGame.Application", "BT.CardGame.Application\BT.CardGame.Application.csproj", "{EC4A20CC-8E1E-487E-8AA2-184D2BF415EB}"
EndProject
Project("{9A19103F-16F7-4668-BE54-9A1E7A4F7556}") = "BT.CardGame.Domain", "BT.CardGame.Domain\BT.CardGame.Domain.csproj", "{98BB93F3-A6D2-4834-A4F3-EC822223F1B0}"
EndProject
Project("{2150E333-8FDC-42A3-9474-1A3956D46DE8}") = "Tests", "Tests", "{D145530C-0BF7-4BA6-826B-A0B255E067A6}"
EndProject
Project("{9A19103F-16F7-4668-BE54-9A1E7A4F7556}") = "BT.CardGame.Application.Tests", "Tests\BT.CardGame.Application.Tests\BT.CardGame.Application.Tests.csproj", "{FE90E45E-8D98-4A04-A46A-0EA2693760C2}"
EndProject
Project("{9A19103F-16F7-4668-BE54-9A1E7A4F7556}") = "BT.CardGame.Domain.Tests", "Tests\BT.CardGame.Domain.Tests\BT.CardGame.Domain.Tests.csproj", "{05552C5F-A865-458C-9E0F-558AA2C20E9B}"
EndProject
Project("{9A19103F-16F7-4668-BE54-9A1E7A4F7556}") = "BT.CardGame.Infrastructure", "BT.CardGame.Infrastructure\BT.CardGame.Infrastructure.csproj", "{EB678671-E7F4-480F-A5AB-2140EE206D7C}"
EndProject
Project("{FAE04EC0-301F-11D3-BF4B-00C04F79EFBC}") = "BT.CardGame.Infrastructure.Tests", "Tests\BT.CardGames.Infrastructure.Tests\BT.CardGame.Infrastructure.Tests.csproj", "{529E6062-1A24-48BA-B914-616542CB9A1E}"
EndProject
Global
	GlobalSection(SolutionConfigurationPlatforms) = preSolution
		Debug|Any CPU = Debug|Any CPU
		Release|Any CPU = Release|Any CPU
	EndGlobalSection
	GlobalSection(ProjectConfigurationPlatforms) = postSolution
		{8161A964-BB45-4E51-A17D-719BD5EC668B}.Debug|Any CPU.ActiveCfg = Debug|Any CPU
		{8161A964-BB45-4E51-A17D-719BD5EC668B}.Debug|Any CPU.Build.0 = Debug|Any CPU
		{8161A964-BB45-4E51-A17D-719BD5EC668B}.Release|Any CPU.ActiveCfg = Release|Any CPU
		{8161A964-BB45-4E51-A17D-719BD5EC668B}.Release|Any CPU.Build.0 = Release|Any CPU
		{EC4A20CC-8E1E-487E-8AA2-184D2BF415EB}.Debug|Any CPU.ActiveCfg = Debug|Any CPU
		{EC4A20CC-8E1E-487E-8AA2-184D2BF415EB}.Debug|Any CPU.Build.0 = Debug|Any CPU
		{EC4A20CC-8E1E-487E-8AA2-184D2BF415EB}.Release|Any CPU.ActiveCfg = Release|Any CPU
		{EC4A20CC-8E1E-487E-8AA2-184D2BF415EB}.Release|Any CPU.Build.0 = Release|Any CPU
		{98BB93F3-A6D2-4834-A4F3-EC822223F1B0}.Debug|Any CPU.ActiveCfg = Debug|Any CPU
		{98BB93F3-A6D2-4834-A4F3-EC822223F1B0}.Debug|Any CPU.Build.0 = Debug|Any CPU
		{98BB93F3-A6D2-4834-A4F3-EC822223F1B0}.Release|Any CPU.ActiveCfg = Release|Any CPU
		{98BB93F3-A6D2-4834-A4F3-EC822223F1B0}.Release|Any CPU.Build.0 = Release|Any CPU
		{FE90E45E-8D98-4A04-A46A-0EA2693760C2}.Debug|Any CPU.ActiveCfg = Debug|Any CPU
		{FE90E45E-8D98-4A04-A46A-0EA2693760C2}.Debug|Any CPU.Build.0 = Debug|Any CPU
		{FE90E45E-8D98-4A04-A46A-0EA2693760C2}.Release|Any CPU.ActiveCfg = Release|Any CPU
		{FE90E45E-8D98-4A04-A46A-0EA2693760C2}.Release|Any CPU.Build.0 = Release|Any CPU
		{05552C5F-A865-458C-9E0F-558AA2C20E9B}.Debug|Any CPU.ActiveCfg = Debug|Any CPU
		{05552C5F-A865-458C-9E0F-558AA2C20E9B}.Debug|Any CPU.Build.0 = Debug|Any CPU
		{05552C5F-A865-458C-9E0F-558AA2C20E9B}.Release|Any CPU.ActiveCfg = Release|Any CPU
		{05552C5F-A865-458C-9E0F-558AA2C20E9B}.Release|Any CPU.Build.0 = Release|Any CPU
		{EB678671-E7F4-480F-A5AB-2140EE206D7C}.Debug|Any CPU.ActiveCfg = Debug|Any CPU
		{EB678671-E7F4-480F-A5AB-2140EE206D7C}.Debug|Any CPU.Build.0 = Debug|Any CPU
		{EB678671-E7F4-480F-A5AB-2140EE206D7C}.Release|Any CPU.ActiveCfg = Release|Any CPU
		{EB678671-E7F4-480F-A5AB-2140EE206D7C}.Release|Any CPU.Build.0 = Release|Any CPU
		{529E6062-1A24-48BA-B914-616542CB9A1E}.Debug|Any CPU.ActiveCfg = Debug|Any CPU
		{529E6062-1A24-48BA-B914-616542CB9A1E}.Debug|Any CPU.Build.0 = Debug|Any CPU
		{529E6062-1A24-48BA-B914-616542CB9A1E}.Release|Any CPU.ActiveCfg = Release|Any CPU
		{529E6062-1A24-48BA-B914-616542CB9A1E}.Release|Any CPU.Build.0 = Release|Any CPU
	EndGlobalSection
	GlobalSection(SolutionProperties) = preSolution
		HideSolutionNode = FALSE
	EndGlobalSection
	GlobalSection(NestedProjects) = preSolution
		{FE90E45E-8D98-4A04-A46A-0EA2693760C2} = {D145530C-0BF7-4BA6-826B-A0B255E067A6}
		{05552C5F-A865-458C-9E0F-558AA2C20E9B} = {D145530C-0BF7-4BA6-826B-A0B255E067A6}
		{529E6062-1A24-48BA-B914-616542CB9A1E} = {D145530C-0BF7-4BA6-826B-A0B255E067A6}
	EndGlobalSection
	GlobalSection(ExtensibilityGlobals) = postSolution
		SolutionGuid = {E2AEB655-8482-4C73-9362-7D83B92A48DD}
	EndGlobalSection
EndGlobal
